
Microsoft Visual Studio Solution File, Format Version 12.00
# Visual Studio Version 16
VisualStudioVersion = 16.0.30717.126
MinimumVisualStudioVersion = 10.0.40219.1
Project("{9A19103F-16F7-4668-BE54-9A1E7A4F7556}") = "FromCoderToEngineer.Tests", "FromCoderToEngineer.Tests\FromCoderToEngineer.Tests.csproj", "{774114D9-600C-44E8-BDA4-72630616210D}"
EndProject
Project("{FAE04EC0-301F-11D3-BF4B-00C04F79EFBC}") = "FromCodeToEngineer.SampleApp", "FromCodeToEngineer.SampleApp\FromCodeToEngineer.SampleApp.csproj", "{277BEB31-035F-4703-B45E-5165B3FA7540}"
EndProject
Global
	GlobalSection(SolutionConfigurationPlatforms) = preSolution
		Debug|Any CPU = Debug|Any CPU
		Release|Any CPU = Release|Any CPU
	EndGlobalSection
	GlobalSection(ProjectConfigurationPlatforms) = postSolution
		{774114D9-600C-44E8-BDA4-72630616210D}.Debug|Any CPU.ActiveCfg = Debug|Any CPU
		{774114D9-600C-44E8-BDA4-72630616210D}.Debug|Any CPU.Build.0 = Debug|Any CPU
		{774114D9-600C-44E8-BDA4-72630616210D}.Release|Any CPU.ActiveCfg = Release|Any CPU
		{774114D9-600C-44E8-BDA4-72630616210D}.Release|Any CPU.Build.0 = Release|Any CPU
		{277BEB31-035F-4703-B45E-5165B3FA7540}.Debug|Any CPU.ActiveCfg = Debug|Any CPU
		{277BEB31-035F-4703-B45E-5165B3FA7540}.Debug|Any CPU.Build.0 = Debug|Any CPU
		{277BEB31-035F-4703-B45E-5165B3FA7540}.Release|Any CPU.ActiveCfg = Release|Any CPU
		{277BEB31-035F-4703-B45E-5165B3FA7540}.Release|Any CPU.Build.0 = Release|Any CPU
	EndGlobalSection
	GlobalSection(SolutionProperties) = preSolution
		HideSolutionNode = FALSE
	EndGlobalSection
	GlobalSection(ExtensibilityGlobals) = postSolution
		SolutionGuid = {9CE04622-92F6-4386-AF92-7E060D3A3044}
	EndGlobalSection
EndGlobal
